// !$*UTF8*$!
{
	archiveVersion = 1;
	classes = {
	};
	objectVersion = 50;
	objects = {

/* Begin PBXBuildFile section */
		2663C9E02389EBB800ECA3C9 /* libomp.dylib in Frameworks */ = {isa = PBXBuildFile; fileRef = 2663C9DF2389EBB800ECA3C9 /* libomp.dylib */; };
		26A0B8B8239AFE6500454A19 /* vert_conv.cpp in Sources */ = {isa = PBXBuildFile; fileRef = 26A0B8B6239AFE6500454A19 /* vert_conv.cpp */; settings = {COMPILER_FLAGS = "-O2 -mavx2 -mfma -ffp-contract=fast"; }; };
		26A0B8C7239AFF1D00454A19 /* helper.cpp in Sources */ = {isa = PBXBuildFile; fileRef = 26A0B8C5239AFF1D00454A19 /* helper.cpp */; settings = {COMPILER_FLAGS = "-O2 -mavx2 -mfma -ffp-contract=fast"; }; };
		26A0B8CA239AFFAC00454A19 /* substraction_kernel.cpp in Sources */ = {isa = PBXBuildFile; fileRef = 26A0B8C8239AFFAC00454A19 /* substraction_kernel.cpp */; settings = {COMPILER_FLAGS = "-O2 -mavx2 -mfma -ffp-contract=fast"; }; };
		26A0B8D0239B12C200454A19 /* GaussianBlur_modified.cpp in Sources */ = {isa = PBXBuildFile; fileRef = 26A0B8CE239B12C100454A19 /* GaussianBlur_modified.cpp */; settings = {COMPILER_FLAGS = "-O2 -mavx2 -mfma -ffp-contract=fast"; }; };
		26ACD91523563C330093EFB2 /* main.cpp in Sources */ = {isa = PBXBuildFile; fileRef = 26ACD91423563C330093EFB2 /* main.cpp */; settings = {COMPILER_FLAGS = "-O2 -mavx2 -mfma -ffp-contract=fast"; }; };
		26ACD94C235640AB0093EFB2 /* libopencv_tracking.4.1.1.dylib in Frameworks */ = {isa = PBXBuildFile; fileRef = 26ACD91D235640A70093EFB2 /* libopencv_tracking.4.1.1.dylib */; };
		26ACD94D235640AB0093EFB2 /* libopencv_surface_matching.4.1.1.dylib in Frameworks */ = {isa = PBXBuildFile; fileRef = 26ACD91E235640A70093EFB2 /* libopencv_surface_matching.4.1.1.dylib */; };
		26ACD94E235640AB0093EFB2 /* libopencv_structured_light.4.1.1.dylib in Frameworks */ = {isa = PBXBuildFile; fileRef = 26ACD91F235640A70093EFB2 /* libopencv_structured_light.4.1.1.dylib */; };
		26ACD94F235640AB0093EFB2 /* libopencv_video.4.1.1.dylib in Frameworks */ = {isa = PBXBuildFile; fileRef = 26ACD920235640A70093EFB2 /* libopencv_video.4.1.1.dylib */; };
		26ACD950235640AB0093EFB2 /* libopencv_videostab.4.1.1.dylib in Frameworks */ = {isa = PBXBuildFile; fileRef = 26ACD921235640A70093EFB2 /* libopencv_videostab.4.1.1.dylib */; };
		26ACD951235640AB0093EFB2 /* libopencv_xfeatures2d.4.1.1.dylib in Frameworks */ = {isa = PBXBuildFile; fileRef = 26ACD922235640A80093EFB2 /* libopencv_xfeatures2d.4.1.1.dylib */; };
		26ACD952235640AB0093EFB2 /* libopencv_imgproc.4.1.1.dylib in Frameworks */ = {isa = PBXBuildFile; fileRef = 26ACD923235640A80093EFB2 /* libopencv_imgproc.4.1.1.dylib */; };
		26ACD953235640AB0093EFB2 /* libopencv_text.4.1.1.dylib in Frameworks */ = {isa = PBXBuildFile; fileRef = 26ACD924235640A80093EFB2 /* libopencv_text.4.1.1.dylib */; };
		26ACD954235640AB0093EFB2 /* libopencv_dnn_objdetect.4.1.1.dylib in Frameworks */ = {isa = PBXBuildFile; fileRef = 26ACD925235640A80093EFB2 /* libopencv_dnn_objdetect.4.1.1.dylib */; };
		26ACD955235640AB0093EFB2 /* libopencv_shape.4.1.1.dylib in Frameworks */ = {isa = PBXBuildFile; fileRef = 26ACD926235640A80093EFB2 /* libopencv_shape.4.1.1.dylib */; };
		26ACD956235640AB0093EFB2 /* libopencv_rgbd.4.1.1.dylib in Frameworks */ = {isa = PBXBuildFile; fileRef = 26ACD927235640A80093EFB2 /* libopencv_rgbd.4.1.1.dylib */; };
		26ACD957235640AB0093EFB2 /* libopencv_calib3d.4.1.1.dylib in Frameworks */ = {isa = PBXBuildFile; fileRef = 26ACD928235640A80093EFB2 /* libopencv_calib3d.4.1.1.dylib */; };
		26ACD958235640AB0093EFB2 /* libopencv_highgui.4.1.1.dylib in Frameworks */ = {isa = PBXBuildFile; fileRef = 26ACD929235640A90093EFB2 /* libopencv_highgui.4.1.1.dylib */; };
		26ACD959235640AB0093EFB2 /* libopencv_objdetect.4.1.1.dylib in Frameworks */ = {isa = PBXBuildFile; fileRef = 26ACD92A235640A90093EFB2 /* libopencv_objdetect.4.1.1.dylib */; };
		26ACD95A235640AB0093EFB2 /* libopencv_stitching.4.1.1.dylib in Frameworks */ = {isa = PBXBuildFile; fileRef = 26ACD92B235640A90093EFB2 /* libopencv_stitching.4.1.1.dylib */; };
		26ACD95B235640AB0093EFB2 /* libopencv_hdf.4.1.1.dylib in Frameworks */ = {isa = PBXBuildFile; fileRef = 26ACD92C235640A90093EFB2 /* libopencv_hdf.4.1.1.dylib */; };
		26ACD95C235640AB0093EFB2 /* libopencv_flann.4.1.1.dylib in Frameworks */ = {isa = PBXBuildFile; fileRef = 26ACD92D235640A90093EFB2 /* libopencv_flann.4.1.1.dylib */; };
		26ACD95D235640AB0093EFB2 /* libopencv_aruco.4.1.1.dylib in Frameworks */ = {isa = PBXBuildFile; fileRef = 26ACD92E235640A90093EFB2 /* libopencv_aruco.4.1.1.dylib */; };
		26ACD95E235640AC0093EFB2 /* libopencv_imgcodecs.4.1.1.dylib in Frameworks */ = {isa = PBXBuildFile; fileRef = 26ACD92F235640A90093EFB2 /* libopencv_imgcodecs.4.1.1.dylib */; };
		26ACD95F235640AC0093EFB2 /* libopencv_plot.4.1.1.dylib in Frameworks */ = {isa = PBXBuildFile; fileRef = 26ACD930235640A90093EFB2 /* libopencv_plot.4.1.1.dylib */; };
		26ACD960235640AC0093EFB2 /* libopencv_dnn.4.1.1.dylib in Frameworks */ = {isa = PBXBuildFile; fileRef = 26ACD931235640A90093EFB2 /* libopencv_dnn.4.1.1.dylib */; };
		26ACD961235640AC0093EFB2 /* libopencv_quality.4.1.1.dylib in Frameworks */ = {isa = PBXBuildFile; fileRef = 26ACD932235640A90093EFB2 /* libopencv_quality.4.1.1.dylib */; };
		26ACD962235640AC0093EFB2 /* libopencv_features2d.4.1.1.dylib in Frameworks */ = {isa = PBXBuildFile; fileRef = 26ACD933235640A90093EFB2 /* libopencv_features2d.4.1.1.dylib */; };
		26ACD963235640AC0093EFB2 /* libopencv_ccalib.4.1.1.dylib in Frameworks */ = {isa = PBXBuildFile; fileRef = 26ACD934235640A90093EFB2 /* libopencv_ccalib.4.1.1.dylib */; };
		26ACD964235640AC0093EFB2 /* libopencv_saliency.4.1.1.dylib in Frameworks */ = {isa = PBXBuildFile; fileRef = 26ACD935235640A90093EFB2 /* libopencv_saliency.4.1.1.dylib */; };
		26ACD965235640AC0093EFB2 /* libopencv_ximgproc.4.1.1.dylib in Frameworks */ = {isa = PBXBuildFile; fileRef = 26ACD936235640A90093EFB2 /* libopencv_ximgproc.4.1.1.dylib */; };
		26ACD966235640AC0093EFB2 /* libopencv_dpm.4.1.1.dylib in Frameworks */ = {isa = PBXBuildFile; fileRef = 26ACD937235640A90093EFB2 /* libopencv_dpm.4.1.1.dylib */; };
		26ACD967235640AC0093EFB2 /* libopencv_optflow.4.1.1.dylib in Frameworks */ = {isa = PBXBuildFile; fileRef = 26ACD938235640A90093EFB2 /* libopencv_optflow.4.1.1.dylib */; };
		26ACD968235640AC0093EFB2 /* libopencv_fuzzy.4.1.1.dylib in Frameworks */ = {isa = PBXBuildFile; fileRef = 26ACD939235640A90093EFB2 /* libopencv_fuzzy.4.1.1.dylib */; };
		26ACD969235640AC0093EFB2 /* libopencv_reg.4.1.1.dylib in Frameworks */ = {isa = PBXBuildFile; fileRef = 26ACD93A235640AA0093EFB2 /* libopencv_reg.4.1.1.dylib */; };
		26ACD96A235640AC0093EFB2 /* libopencv_ml.4.1.1.dylib in Frameworks */ = {isa = PBXBuildFile; fileRef = 26ACD93B235640AA0093EFB2 /* libopencv_ml.4.1.1.dylib */; };
		26ACD96B235640AC0093EFB2 /* libopencv_core.4.1.1.dylib in Frameworks */ = {isa = PBXBuildFile; fileRef = 26ACD93C235640AA0093EFB2 /* libopencv_core.4.1.1.dylib */; };
		26ACD96C235640AC0093EFB2 /* libopencv_datasets.4.1.1.dylib in Frameworks */ = {isa = PBXBuildFile; fileRef = 26ACD93D235640AA0093EFB2 /* libopencv_datasets.4.1.1.dylib */; };
		26ACD96D235640AC0093EFB2 /* libopencv_videoio.4.1.1.dylib in Frameworks */ = {isa = PBXBuildFile; fileRef = 26ACD93E235640AA0093EFB2 /* libopencv_videoio.4.1.1.dylib */; };
		26ACD96E235640AC0093EFB2 /* libopencv_bgsegm.4.1.1.dylib in Frameworks */ = {isa = PBXBuildFile; fileRef = 26ACD93F235640AA0093EFB2 /* libopencv_bgsegm.4.1.1.dylib */; };
		26ACD96F235640AC0093EFB2 /* libopencv_photo.4.1.1.dylib in Frameworks */ = {isa = PBXBuildFile; fileRef = 26ACD940235640AA0093EFB2 /* libopencv_photo.4.1.1.dylib */; };
		26ACD970235640AC0093EFB2 /* libopencv_img_hash.4.1.1.dylib in Frameworks */ = {isa = PBXBuildFile; fileRef = 26ACD941235640AA0093EFB2 /* libopencv_img_hash.4.1.1.dylib */; };
		26ACD971235640AC0093EFB2 /* libopencv_face.4.1.1.dylib in Frameworks */ = {isa = PBXBuildFile; fileRef = 26ACD942235640AB0093EFB2 /* libopencv_face.4.1.1.dylib */; };
		26ACD972235640AC0093EFB2 /* libopencv_xobjdetect.4.1.1.dylib in Frameworks */ = {isa = PBXBuildFile; fileRef = 26ACD943235640AB0093EFB2 /* libopencv_xobjdetect.4.1.1.dylib */; };
		26ACD973235640AC0093EFB2 /* libopencv_gapi.4.1.1.dylib in Frameworks */ = {isa = PBXBuildFile; fileRef = 26ACD944235640AB0093EFB2 /* libopencv_gapi.4.1.1.dylib */; };
		26ACD974235640AC0093EFB2 /* libopencv_bioinspired.4.1.1.dylib in Frameworks */ = {isa = PBXBuildFile; fileRef = 26ACD945235640AB0093EFB2 /* libopencv_bioinspired.4.1.1.dylib */; };
		26ACD975235640AC0093EFB2 /* libopencv_line_descriptor.4.1.1.dylib in Frameworks */ = {isa = PBXBuildFile; fileRef = 26ACD946235640AB0093EFB2 /* libopencv_line_descriptor.4.1.1.dylib */; };
		26ACD976235640AC0093EFB2 /* libopencv_hfs.4.1.1.dylib in Frameworks */ = {isa = PBXBuildFile; fileRef = 26ACD947235640AB0093EFB2 /* libopencv_hfs.4.1.1.dylib */; };
		26ACD977235640AC0093EFB2 /* libopencv_superres.4.1.1.dylib in Frameworks */ = {isa = PBXBuildFile; fileRef = 26ACD948235640AB0093EFB2 /* libopencv_superres.4.1.1.dylib */; };
		26ACD978235640AC0093EFB2 /* libopencv_phase_unwrapping.4.1.1.dylib in Frameworks */ = {isa = PBXBuildFile; fileRef = 26ACD949235640AB0093EFB2 /* libopencv_phase_unwrapping.4.1.1.dylib */; };
		26ACD979235640AC0093EFB2 /* libopencv_stereo.4.1.1.dylib in Frameworks */ = {isa = PBXBuildFile; fileRef = 26ACD94A235640AB0093EFB2 /* libopencv_stereo.4.1.1.dylib */; };
		26ACD97A235640AC0093EFB2 /* libopencv_xphoto.4.1.1.dylib in Frameworks */ = {isa = PBXBuildFile; fileRef = 26ACD94B235640AB0093EFB2 /* libopencv_xphoto.4.1.1.dylib */; };
/* End PBXBuildFile section */

/* Begin PBXCopyFilesBuildPhase section */
		26ACD90F23563C330093EFB2 /* CopyFiles */ = {
			isa = PBXCopyFilesBuildPhase;
			buildActionMask = 2147483647;
			dstPath = /usr/share/man/man1/;
			dstSubfolderSpec = 0;
			files = (
			);
			runOnlyForDeploymentPostprocessing = 1;
		};
/* End PBXCopyFilesBuildPhase section */

/* Begin PBXFileReference section */
		2663C9DF2389EBB800ECA3C9 /* libomp.dylib */ = {isa = PBXFileReference; lastKnownFileType = "compiled.mach-o.dylib"; name = libomp.dylib; path = ../../../../usr/local/Cellar/llvm/9.0.0_1/lib/libomp.dylib; sourceTree = "<group>"; };
		26A0B8B6239AFE6500454A19 /* vert_conv.cpp */ = {isa = PBXFileReference; lastKnownFileType = sourcecode.cpp.cpp; path = vert_conv.cpp; sourceTree = "<group>"; };
		26A0B8B7239AFE6500454A19 /* vert_conv.hpp */ = {isa = PBXFileReference; lastKnownFileType = sourcecode.cpp.h; path = vert_conv.hpp; sourceTree = "<group>"; };
		26A0B8C5239AFF1D00454A19 /* helper.cpp */ = {isa = PBXFileReference; lastKnownFileType = sourcecode.cpp.cpp; path = helper.cpp; sourceTree = "<group>"; };
		26A0B8C6239AFF1D00454A19 /* helper.hpp */ = {isa = PBXFileReference; lastKnownFileType = sourcecode.cpp.h; path = helper.hpp; sourceTree = "<group>"; };
		26A0B8C8239AFFAC00454A19 /* substraction_kernel.cpp */ = {isa = PBXFileReference; lastKnownFileType = sourcecode.cpp.cpp; path = substraction_kernel.cpp; sourceTree = "<group>"; };
		26A0B8C9239AFFAC00454A19 /* substraction_kernel.hpp */ = {isa = PBXFileReference; lastKnownFileType = sourcecode.cpp.h; path = substraction_kernel.hpp; sourceTree = "<group>"; };
		26A0B8CE239B12C100454A19 /* GaussianBlur_modified.cpp */ = {isa = PBXFileReference; lastKnownFileType = sourcecode.cpp.cpp; path = GaussianBlur_modified.cpp; sourceTree = "<group>"; };
		26A0B8CF239B12C100454A19 /* GaussianBlur_modified.hpp */ = {isa = PBXFileReference; lastKnownFileType = sourcecode.cpp.h; path = GaussianBlur_modified.hpp; sourceTree = "<group>"; };
		26ACD91123563C330093EFB2 /* 18645_Project */ = {isa = PBXFileReference; explicitFileType = "compiled.mach-o.executable"; includeInIndex = 0; path = 18645_Project; sourceTree = BUILT_PRODUCTS_DIR; };
		26ACD91423563C330093EFB2 /* main.cpp */ = {isa = PBXFileReference; lastKnownFileType = sourcecode.cpp.cpp; path = main.cpp; sourceTree = "<group>"; };
		26ACD91B23563FA10093EFB2 /* precomp.hpp */ = {isa = PBXFileReference; lastKnownFileType = sourcecode.cpp.h; path = precomp.hpp; sourceTree = "<group>"; };
		26ACD91D235640A70093EFB2 /* libopencv_tracking.4.1.1.dylib */ = {isa = PBXFileReference; lastKnownFileType = "compiled.mach-o.dylib"; path = libopencv_tracking.4.1.1.dylib; sourceTree = "<group>"; };
		26ACD91E235640A70093EFB2 /* libopencv_surface_matching.4.1.1.dylib */ = {isa = PBXFileReference; lastKnownFileType = "compiled.mach-o.dylib"; path = libopencv_surface_matching.4.1.1.dylib; sourceTree = "<group>"; };
		26ACD91F235640A70093EFB2 /* libopencv_structured_light.4.1.1.dylib */ = {isa = PBXFileReference; lastKnownFileType = "compiled.mach-o.dylib"; path = libopencv_structured_light.4.1.1.dylib; sourceTree = "<group>"; };
		26ACD920235640A70093EFB2 /* libopencv_video.4.1.1.dylib */ = {isa = PBXFileReference; lastKnownFileType = "compiled.mach-o.dylib"; path = libopencv_video.4.1.1.dylib; sourceTree = "<group>"; };
		26ACD921235640A70093EFB2 /* libopencv_videostab.4.1.1.dylib */ = {isa = PBXFileReference; lastKnownFileType = "compiled.mach-o.dylib"; path = libopencv_videostab.4.1.1.dylib; sourceTree = "<group>"; };
		26ACD922235640A80093EFB2 /* libopencv_xfeatures2d.4.1.1.dylib */ = {isa = PBXFileReference; lastKnownFileType = "compiled.mach-o.dylib"; path = libopencv_xfeatures2d.4.1.1.dylib; sourceTree = "<group>"; };
		26ACD923235640A80093EFB2 /* libopencv_imgproc.4.1.1.dylib */ = {isa = PBXFileReference; lastKnownFileType = "compiled.mach-o.dylib"; path = libopencv_imgproc.4.1.1.dylib; sourceTree = "<group>"; };
		26ACD924235640A80093EFB2 /* libopencv_text.4.1.1.dylib */ = {isa = PBXFileReference; lastKnownFileType = "compiled.mach-o.dylib"; path = libopencv_text.4.1.1.dylib; sourceTree = "<group>"; };
		26ACD925235640A80093EFB2 /* libopencv_dnn_objdetect.4.1.1.dylib */ = {isa = PBXFileReference; lastKnownFileType = "compiled.mach-o.dylib"; path = libopencv_dnn_objdetect.4.1.1.dylib; sourceTree = "<group>"; };
		26ACD926235640A80093EFB2 /* libopencv_shape.4.1.1.dylib */ = {isa = PBXFileReference; lastKnownFileType = "compiled.mach-o.dylib"; path = libopencv_shape.4.1.1.dylib; sourceTree = "<group>"; };
		26ACD927235640A80093EFB2 /* libopencv_rgbd.4.1.1.dylib */ = {isa = PBXFileReference; lastKnownFileType = "compiled.mach-o.dylib"; path = libopencv_rgbd.4.1.1.dylib; sourceTree = "<group>"; };
		26ACD928235640A80093EFB2 /* libopencv_calib3d.4.1.1.dylib */ = {isa = PBXFileReference; lastKnownFileType = "compiled.mach-o.dylib"; path = libopencv_calib3d.4.1.1.dylib; sourceTree = "<group>"; };
		26ACD929235640A90093EFB2 /* libopencv_highgui.4.1.1.dylib */ = {isa = PBXFileReference; lastKnownFileType = "compiled.mach-o.dylib"; path = libopencv_highgui.4.1.1.dylib; sourceTree = "<group>"; };
		26ACD92A235640A90093EFB2 /* libopencv_objdetect.4.1.1.dylib */ = {isa = PBXFileReference; lastKnownFileType = "compiled.mach-o.dylib"; path = libopencv_objdetect.4.1.1.dylib; sourceTree = "<group>"; };
		26ACD92B235640A90093EFB2 /* libopencv_stitching.4.1.1.dylib */ = {isa = PBXFileReference; lastKnownFileType = "compiled.mach-o.dylib"; path = libopencv_stitching.4.1.1.dylib; sourceTree = "<group>"; };
		26ACD92C235640A90093EFB2 /* libopencv_hdf.4.1.1.dylib */ = {isa = PBXFileReference; lastKnownFileType = "compiled.mach-o.dylib"; path = libopencv_hdf.4.1.1.dylib; sourceTree = "<group>"; };
		26ACD92D235640A90093EFB2 /* libopencv_flann.4.1.1.dylib */ = {isa = PBXFileReference; lastKnownFileType = "compiled.mach-o.dylib"; path = libopencv_flann.4.1.1.dylib; sourceTree = "<group>"; };
		26ACD92E235640A90093EFB2 /* libopencv_aruco.4.1.1.dylib */ = {isa = PBXFileReference; lastKnownFileType = "compiled.mach-o.dylib"; path = libopencv_aruco.4.1.1.dylib; sourceTree = "<group>"; };
		26ACD92F235640A90093EFB2 /* libopencv_imgcodecs.4.1.1.dylib */ = {isa = PBXFileReference; lastKnownFileType = "compiled.mach-o.dylib"; path = libopencv_imgcodecs.4.1.1.dylib; sourceTree = "<group>"; };
		26ACD930235640A90093EFB2 /* libopencv_plot.4.1.1.dylib */ = {isa = PBXFileReference; lastKnownFileType = "compiled.mach-o.dylib"; path = libopencv_plot.4.1.1.dylib; sourceTree = "<group>"; };
		26ACD931235640A90093EFB2 /* libopencv_dnn.4.1.1.dylib */ = {isa = PBXFileReference; lastKnownFileType = "compiled.mach-o.dylib"; path = libopencv_dnn.4.1.1.dylib; sourceTree = "<group>"; };
		26ACD932235640A90093EFB2 /* libopencv_quality.4.1.1.dylib */ = {isa = PBXFileReference; lastKnownFileType = "compiled.mach-o.dylib"; path = libopencv_quality.4.1.1.dylib; sourceTree = "<group>"; };
		26ACD933235640A90093EFB2 /* libopencv_features2d.4.1.1.dylib */ = {isa = PBXFileReference; lastKnownFileType = "compiled.mach-o.dylib"; path = libopencv_features2d.4.1.1.dylib; sourceTree = "<group>"; };
		26ACD934235640A90093EFB2 /* libopencv_ccalib.4.1.1.dylib */ = {isa = PBXFileReference; lastKnownFileType = "compiled.mach-o.dylib"; path = libopencv_ccalib.4.1.1.dylib; sourceTree = "<group>"; };
		26ACD935235640A90093EFB2 /* libopencv_saliency.4.1.1.dylib */ = {isa = PBXFileReference; lastKnownFileType = "compiled.mach-o.dylib"; path = libopencv_saliency.4.1.1.dylib; sourceTree = "<group>"; };
		26ACD936235640A90093EFB2 /* libopencv_ximgproc.4.1.1.dylib */ = {isa = PBXFileReference; lastKnownFileType = "compiled.mach-o.dylib"; path = libopencv_ximgproc.4.1.1.dylib; sourceTree = "<group>"; };
		26ACD937235640A90093EFB2 /* libopencv_dpm.4.1.1.dylib */ = {isa = PBXFileReference; lastKnownFileType = "compiled.mach-o.dylib"; path = libopencv_dpm.4.1.1.dylib; sourceTree = "<group>"; };
		26ACD938235640A90093EFB2 /* libopencv_optflow.4.1.1.dylib */ = {isa = PBXFileReference; lastKnownFileType = "compiled.mach-o.dylib"; path = libopencv_optflow.4.1.1.dylib; sourceTree = "<group>"; };
		26ACD939235640A90093EFB2 /* libopencv_fuzzy.4.1.1.dylib */ = {isa = PBXFileReference; lastKnownFileType = "compiled.mach-o.dylib"; path = libopencv_fuzzy.4.1.1.dylib; sourceTree = "<group>"; };
		26ACD93A235640AA0093EFB2 /* libopencv_reg.4.1.1.dylib */ = {isa = PBXFileReference; lastKnownFileType = "compiled.mach-o.dylib"; path = libopencv_reg.4.1.1.dylib; sourceTree = "<group>"; };
		26ACD93B235640AA0093EFB2 /* libopencv_ml.4.1.1.dylib */ = {isa = PBXFileReference; lastKnownFileType = "compiled.mach-o.dylib"; path = libopencv_ml.4.1.1.dylib; sourceTree = "<group>"; };
		26ACD93C235640AA0093EFB2 /* libopencv_core.4.1.1.dylib */ = {isa = PBXFileReference; lastKnownFileType = "compiled.mach-o.dylib"; path = libopencv_core.4.1.1.dylib; sourceTree = "<group>"; };
		26ACD93D235640AA0093EFB2 /* libopencv_datasets.4.1.1.dylib */ = {isa = PBXFileReference; lastKnownFileType = "compiled.mach-o.dylib"; path = libopencv_datasets.4.1.1.dylib; sourceTree = "<group>"; };
		26ACD93E235640AA0093EFB2 /* libopencv_videoio.4.1.1.dylib */ = {isa = PBXFileReference; lastKnownFileType = "compiled.mach-o.dylib"; path = libopencv_videoio.4.1.1.dylib; sourceTree = "<group>"; };
		26ACD93F235640AA0093EFB2 /* libopencv_bgsegm.4.1.1.dylib */ = {isa = PBXFileReference; lastKnownFileType = "compiled.mach-o.dylib"; path = libopencv_bgsegm.4.1.1.dylib; sourceTree = "<group>"; };
		26ACD940235640AA0093EFB2 /* libopencv_photo.4.1.1.dylib */ = {isa = PBXFileReference; lastKnownFileType = "compiled.mach-o.dylib"; path = libopencv_photo.4.1.1.dylib; sourceTree = "<group>"; };
		26ACD941235640AA0093EFB2 /* libopencv_img_hash.4.1.1.dylib */ = {isa = PBXFileReference; lastKnownFileType = "compiled.mach-o.dylib"; path = libopencv_img_hash.4.1.1.dylib; sourceTree = "<group>"; };
		26ACD942235640AB0093EFB2 /* libopencv_face.4.1.1.dylib */ = {isa = PBXFileReference; lastKnownFileType = "compiled.mach-o.dylib"; path = libopencv_face.4.1.1.dylib; sourceTree = "<group>"; };
		26ACD943235640AB0093EFB2 /* libopencv_xobjdetect.4.1.1.dylib */ = {isa = PBXFileReference; lastKnownFileType = "compiled.mach-o.dylib"; path = libopencv_xobjdetect.4.1.1.dylib; sourceTree = "<group>"; };
		26ACD944235640AB0093EFB2 /* libopencv_gapi.4.1.1.dylib */ = {isa = PBXFileReference; lastKnownFileType = "compiled.mach-o.dylib"; path = libopencv_gapi.4.1.1.dylib; sourceTree = "<group>"; };
		26ACD945235640AB0093EFB2 /* libopencv_bioinspired.4.1.1.dylib */ = {isa = PBXFileReference; lastKnownFileType = "compiled.mach-o.dylib"; path = libopencv_bioinspired.4.1.1.dylib; sourceTree = "<group>"; };
		26ACD946235640AB0093EFB2 /* libopencv_line_descriptor.4.1.1.dylib */ = {isa = PBXFileReference; lastKnownFileType = "compiled.mach-o.dylib"; path = libopencv_line_descriptor.4.1.1.dylib; sourceTree = "<group>"; };
		26ACD947235640AB0093EFB2 /* libopencv_hfs.4.1.1.dylib */ = {isa = PBXFileReference; lastKnownFileType = "compiled.mach-o.dylib"; path = libopencv_hfs.4.1.1.dylib; sourceTree = "<group>"; };
		26ACD948235640AB0093EFB2 /* libopencv_superres.4.1.1.dylib */ = {isa = PBXFileReference; lastKnownFileType = "compiled.mach-o.dylib"; path = libopencv_superres.4.1.1.dylib; sourceTree = "<group>"; };
		26ACD949235640AB0093EFB2 /* libopencv_phase_unwrapping.4.1.1.dylib */ = {isa = PBXFileReference; lastKnownFileType = "compiled.mach-o.dylib"; path = libopencv_phase_unwrapping.4.1.1.dylib; sourceTree = "<group>"; };
		26ACD94A235640AB0093EFB2 /* libopencv_stereo.4.1.1.dylib */ = {isa = PBXFileReference; lastKnownFileType = "compiled.mach-o.dylib"; path = libopencv_stereo.4.1.1.dylib; sourceTree = "<group>"; };
		26ACD94B235640AB0093EFB2 /* libopencv_xphoto.4.1.1.dylib */ = {isa = PBXFileReference; lastKnownFileType = "compiled.mach-o.dylib"; path = libopencv_xphoto.4.1.1.dylib; sourceTree = "<group>"; };
/* End PBXFileReference section */

/* Begin PBXFrameworksBuildPhase section */
		26ACD90E23563C330093EFB2 /* Frameworks */ = {
			isa = PBXFrameworksBuildPhase;
			buildActionMask = 2147483647;
			files = (
				26ACD95E235640AC0093EFB2 /* libopencv_imgcodecs.4.1.1.dylib in Frameworks */,
				26ACD978235640AC0093EFB2 /* libopencv_phase_unwrapping.4.1.1.dylib in Frameworks */,
				26ACD94E235640AB0093EFB2 /* libopencv_structured_light.4.1.1.dylib in Frameworks */,
				26ACD94F235640AB0093EFB2 /* libopencv_video.4.1.1.dylib in Frameworks */,
				26ACD95D235640AB0093EFB2 /* libopencv_aruco.4.1.1.dylib in Frameworks */,
				26ACD970235640AC0093EFB2 /* libopencv_img_hash.4.1.1.dylib in Frameworks */,
				26ACD96F235640AC0093EFB2 /* libopencv_photo.4.1.1.dylib in Frameworks */,
				26ACD97A235640AC0093EFB2 /* libopencv_xphoto.4.1.1.dylib in Frameworks */,
				26ACD95A235640AB0093EFB2 /* libopencv_stitching.4.1.1.dylib in Frameworks */,
				26ACD963235640AC0093EFB2 /* libopencv_ccalib.4.1.1.dylib in Frameworks */,
				26ACD96B235640AC0093EFB2 /* libopencv_core.4.1.1.dylib in Frameworks */,
				26ACD961235640AC0093EFB2 /* libopencv_quality.4.1.1.dylib in Frameworks */,
				2663C9E02389EBB800ECA3C9 /* libomp.dylib in Frameworks */,
				26ACD959235640AB0093EFB2 /* libopencv_objdetect.4.1.1.dylib in Frameworks */,
				26ACD968235640AC0093EFB2 /* libopencv_fuzzy.4.1.1.dylib in Frameworks */,
				26ACD975235640AC0093EFB2 /* libopencv_line_descriptor.4.1.1.dylib in Frameworks */,
				26ACD957235640AB0093EFB2 /* libopencv_calib3d.4.1.1.dylib in Frameworks */,
				26ACD953235640AB0093EFB2 /* libopencv_text.4.1.1.dylib in Frameworks */,
				26ACD972235640AC0093EFB2 /* libopencv_xobjdetect.4.1.1.dylib in Frameworks */,
				26ACD95F235640AC0093EFB2 /* libopencv_plot.4.1.1.dylib in Frameworks */,
				26ACD969235640AC0093EFB2 /* libopencv_reg.4.1.1.dylib in Frameworks */,
				26ACD95C235640AB0093EFB2 /* libopencv_flann.4.1.1.dylib in Frameworks */,
				26ACD94D235640AB0093EFB2 /* libopencv_surface_matching.4.1.1.dylib in Frameworks */,
				26ACD956235640AB0093EFB2 /* libopencv_rgbd.4.1.1.dylib in Frameworks */,
				26ACD954235640AB0093EFB2 /* libopencv_dnn_objdetect.4.1.1.dylib in Frameworks */,
				26ACD977235640AC0093EFB2 /* libopencv_superres.4.1.1.dylib in Frameworks */,
				26ACD96C235640AC0093EFB2 /* libopencv_datasets.4.1.1.dylib in Frameworks */,
				26ACD96A235640AC0093EFB2 /* libopencv_ml.4.1.1.dylib in Frameworks */,
				26ACD951235640AB0093EFB2 /* libopencv_xfeatures2d.4.1.1.dylib in Frameworks */,
				26ACD964235640AC0093EFB2 /* libopencv_saliency.4.1.1.dylib in Frameworks */,
				26ACD960235640AC0093EFB2 /* libopencv_dnn.4.1.1.dylib in Frameworks */,
				26ACD94C235640AB0093EFB2 /* libopencv_tracking.4.1.1.dylib in Frameworks */,
				26ACD950235640AB0093EFB2 /* libopencv_videostab.4.1.1.dylib in Frameworks */,
				26ACD952235640AB0093EFB2 /* libopencv_imgproc.4.1.1.dylib in Frameworks */,
				26ACD974235640AC0093EFB2 /* libopencv_bioinspired.4.1.1.dylib in Frameworks */,
				26ACD962235640AC0093EFB2 /* libopencv_features2d.4.1.1.dylib in Frameworks */,
				26ACD973235640AC0093EFB2 /* libopencv_gapi.4.1.1.dylib in Frameworks */,
				26ACD96E235640AC0093EFB2 /* libopencv_bgsegm.4.1.1.dylib in Frameworks */,
				26ACD976235640AC0093EFB2 /* libopencv_hfs.4.1.1.dylib in Frameworks */,
				26ACD979235640AC0093EFB2 /* libopencv_stereo.4.1.1.dylib in Frameworks */,
				26ACD958235640AB0093EFB2 /* libopencv_highgui.4.1.1.dylib in Frameworks */,
				26ACD967235640AC0093EFB2 /* libopencv_optflow.4.1.1.dylib in Frameworks */,
				26ACD95B235640AB0093EFB2 /* libopencv_hdf.4.1.1.dylib in Frameworks */,
				26ACD965235640AC0093EFB2 /* libopencv_ximgproc.4.1.1.dylib in Frameworks */,
				26ACD96D235640AC0093EFB2 /* libopencv_videoio.4.1.1.dylib in Frameworks */,
				26ACD955235640AB0093EFB2 /* libopencv_shape.4.1.1.dylib in Frameworks */,
				26ACD971235640AC0093EFB2 /* libopencv_face.4.1.1.dylib in Frameworks */,
				26ACD966235640AC0093EFB2 /* libopencv_dpm.4.1.1.dylib in Frameworks */,
			);
			runOnlyForDeploymentPostprocessing = 0;
		};
/* End PBXFrameworksBuildPhase section */

/* Begin PBXGroup section */
		2663C9DE2389EBB800ECA3C9 /* Frameworks */ = {
			isa = PBXGroup;
			children = (
				2663C9DF2389EBB800ECA3C9 /* libomp.dylib */,
			);
			name = Frameworks;
			sourceTree = "<group>";
		};
		26ACD90823563C330093EFB2 = {
			isa = PBXGroup;
			children = (
				26ACD91C23563FB00093EFB2 /* Dynamic Library */,
				26ACD91323563C330093EFB2 /* 18645_Project */,
				26ACD91223563C330093EFB2 /* Products */,
				2663C9DE2389EBB800ECA3C9 /* Frameworks */,
			);
			sourceTree = "<group>";
		};
		26ACD91223563C330093EFB2 /* Products */ = {
			isa = PBXGroup;
			children = (
				26ACD91123563C330093EFB2 /* 18645_Project */,
			);
			name = Products;
			sourceTree = "<group>";
		};
		26ACD91323563C330093EFB2 /* 18645_Project */ = {
			isa = PBXGroup;
			children = (
				26A0B8C8239AFFAC00454A19 /* substraction_kernel.cpp */,
				26A0B8C9239AFFAC00454A19 /* substraction_kernel.hpp */,
				26A0B8C5239AFF1D00454A19 /* helper.cpp */,
				26A0B8C6239AFF1D00454A19 /* helper.hpp */,
				26A0B8B6239AFE6500454A19 /* vert_conv.cpp */,
				26A0B8B7239AFE6500454A19 /* vert_conv.hpp */,
				26ACD91B23563FA10093EFB2 /* precomp.hpp */,
				26ACD91423563C330093EFB2 /* main.cpp */,
				26A0B8CE239B12C100454A19 /* GaussianBlur_modified.cpp */,
				26A0B8CF239B12C100454A19 /* GaussianBlur_modified.hpp */,
			);
			path = 18645_Project;
			sourceTree = "<group>";
		};
		26ACD91C23563FB00093EFB2 /* Dynamic Library */ = {
			isa = PBXGroup;
			children = (
				26ACD92E235640A90093EFB2 /* libopencv_aruco.4.1.1.dylib */,
				26ACD93F235640AA0093EFB2 /* libopencv_bgsegm.4.1.1.dylib */,
				26ACD945235640AB0093EFB2 /* libopencv_bioinspired.4.1.1.dylib */,
				26ACD928235640A80093EFB2 /* libopencv_calib3d.4.1.1.dylib */,
				26ACD934235640A90093EFB2 /* libopencv_ccalib.4.1.1.dylib */,
				26ACD93C235640AA0093EFB2 /* libopencv_core.4.1.1.dylib */,
				26ACD93D235640AA0093EFB2 /* libopencv_datasets.4.1.1.dylib */,
				26ACD925235640A80093EFB2 /* libopencv_dnn_objdetect.4.1.1.dylib */,
				26ACD931235640A90093EFB2 /* libopencv_dnn.4.1.1.dylib */,
				26ACD937235640A90093EFB2 /* libopencv_dpm.4.1.1.dylib */,
				26ACD942235640AB0093EFB2 /* libopencv_face.4.1.1.dylib */,
				26ACD933235640A90093EFB2 /* libopencv_features2d.4.1.1.dylib */,
				26ACD92D235640A90093EFB2 /* libopencv_flann.4.1.1.dylib */,
				26ACD939235640A90093EFB2 /* libopencv_fuzzy.4.1.1.dylib */,
				26ACD944235640AB0093EFB2 /* libopencv_gapi.4.1.1.dylib */,
				26ACD92C235640A90093EFB2 /* libopencv_hdf.4.1.1.dylib */,
				26ACD947235640AB0093EFB2 /* libopencv_hfs.4.1.1.dylib */,
				26ACD929235640A90093EFB2 /* libopencv_highgui.4.1.1.dylib */,
				26ACD941235640AA0093EFB2 /* libopencv_img_hash.4.1.1.dylib */,
				26ACD92F235640A90093EFB2 /* libopencv_imgcodecs.4.1.1.dylib */,
				26ACD923235640A80093EFB2 /* libopencv_imgproc.4.1.1.dylib */,
				26ACD946235640AB0093EFB2 /* libopencv_line_descriptor.4.1.1.dylib */,
				26ACD93B235640AA0093EFB2 /* libopencv_ml.4.1.1.dylib */,
				26ACD92A235640A90093EFB2 /* libopencv_objdetect.4.1.1.dylib */,
				26ACD938235640A90093EFB2 /* libopencv_optflow.4.1.1.dylib */,
				26ACD949235640AB0093EFB2 /* libopencv_phase_unwrapping.4.1.1.dylib */,
				26ACD940235640AA0093EFB2 /* libopencv_photo.4.1.1.dylib */,
				26ACD930235640A90093EFB2 /* libopencv_plot.4.1.1.dylib */,
				26ACD932235640A90093EFB2 /* libopencv_quality.4.1.1.dylib */,
				26ACD93A235640AA0093EFB2 /* libopencv_reg.4.1.1.dylib */,
				26ACD927235640A80093EFB2 /* libopencv_rgbd.4.1.1.dylib */,
				26ACD935235640A90093EFB2 /* libopencv_saliency.4.1.1.dylib */,
				26ACD926235640A80093EFB2 /* libopencv_shape.4.1.1.dylib */,
				26ACD94A235640AB0093EFB2 /* libopencv_stereo.4.1.1.dylib */,
				26ACD92B235640A90093EFB2 /* libopencv_stitching.4.1.1.dylib */,
				26ACD91F235640A70093EFB2 /* libopencv_structured_light.4.1.1.dylib */,
				26ACD948235640AB0093EFB2 /* libopencv_superres.4.1.1.dylib */,
				26ACD91E235640A70093EFB2 /* libopencv_surface_matching.4.1.1.dylib */,
				26ACD924235640A80093EFB2 /* libopencv_text.4.1.1.dylib */,
				26ACD91D235640A70093EFB2 /* libopencv_tracking.4.1.1.dylib */,
				26ACD920235640A70093EFB2 /* libopencv_video.4.1.1.dylib */,
				26ACD93E235640AA0093EFB2 /* libopencv_videoio.4.1.1.dylib */,
				26ACD921235640A70093EFB2 /* libopencv_videostab.4.1.1.dylib */,
				26ACD922235640A80093EFB2 /* libopencv_xfeatures2d.4.1.1.dylib */,
				26ACD936235640A90093EFB2 /* libopencv_ximgproc.4.1.1.dylib */,
				26ACD943235640AB0093EFB2 /* libopencv_xobjdetect.4.1.1.dylib */,
				26ACD94B235640AB0093EFB2 /* libopencv_xphoto.4.1.1.dylib */,
			);
			path = "Dynamic Library";
			sourceTree = "<group>";
		};
/* End PBXGroup section */

/* Begin PBXNativeTarget section */
		26ACD91023563C330093EFB2 /* 18645_Project */ = {
			isa = PBXNativeTarget;
			buildConfigurationList = 26ACD91823563C330093EFB2 /* Build configuration list for PBXNativeTarget "18645_Project" */;
			buildPhases = (
				26ACD90D23563C330093EFB2 /* Sources */,
				26ACD90E23563C330093EFB2 /* Frameworks */,
				26ACD90F23563C330093EFB2 /* CopyFiles */,
			);
			buildRules = (
			);
			dependencies = (
			);
			name = 18645_Project;
			productName = 18645_Project;
			productReference = 26ACD91123563C330093EFB2 /* 18645_Project */;
			productType = "com.apple.product-type.tool";
		};
/* End PBXNativeTarget section */

/* Begin PBXProject section */
		26ACD90923563C330093EFB2 /* Project object */ = {
			isa = PBXProject;
			attributes = {
				LastUpgradeCheck = 1020;
				ORGANIZATIONNAME = "Steven Liu";
				TargetAttributes = {
					26ACD91023563C330093EFB2 = {
						CreatedOnToolsVersion = 10.2.1;
					};
				};
			};
			buildConfigurationList = 26ACD90C23563C330093EFB2 /* Build configuration list for PBXProject "18645_Project" */;
			compatibilityVersion = "Xcode 9.3";
			developmentRegion = en;
			hasScannedForEncodings = 0;
			knownRegions = (
				en,
			);
			mainGroup = 26ACD90823563C330093EFB2;
			productRefGroup = 26ACD91223563C330093EFB2 /* Products */;
			projectDirPath = "";
			projectRoot = "";
			targets = (
				26ACD91023563C330093EFB2 /* 18645_Project */,
			);
		};
/* End PBXProject section */

/* Begin PBXSourcesBuildPhase section */
		26ACD90D23563C330093EFB2 /* Sources */ = {
			isa = PBXSourcesBuildPhase;
			buildActionMask = 2147483647;
			files = (
				26A0B8B8239AFE6500454A19 /* vert_conv.cpp in Sources */,
				26A0B8CA239AFFAC00454A19 /* substraction_kernel.cpp in Sources */,
				26A0B8D0239B12C200454A19 /* GaussianBlur_modified.cpp in Sources */,
				26ACD91523563C330093EFB2 /* main.cpp in Sources */,
				26A0B8C7239AFF1D00454A19 /* helper.cpp in Sources */,
			);
			runOnlyForDeploymentPostprocessing = 0;
		};
/* End PBXSourcesBuildPhase section */

/* Begin XCBuildConfiguration section */
		26ACD91623563C330093EFB2 /* Debug */ = {
			isa = XCBuildConfiguration;
			buildSettings = {
				ALWAYS_SEARCH_USER_PATHS = NO;
				CLANG_ANALYZER_NONNULL = YES;
				CLANG_ANALYZER_NUMBER_OBJECT_CONVERSION = YES_AGGRESSIVE;
				CLANG_CXX_LANGUAGE_STANDARD = "gnu++14";
				CLANG_CXX_LIBRARY = "libc++";
				CLANG_ENABLE_MODULES = YES;
				CLANG_ENABLE_OBJC_ARC = YES;
				CLANG_ENABLE_OBJC_WEAK = YES;
				CLANG_WARN_BLOCK_CAPTURE_AUTORELEASING = YES;
				CLANG_WARN_BOOL_CONVERSION = YES;
				CLANG_WARN_COMMA = YES;
				CLANG_WARN_CONSTANT_CONVERSION = YES;
				CLANG_WARN_DEPRECATED_OBJC_IMPLEMENTATIONS = YES;
				CLANG_WARN_DIRECT_OBJC_ISA_USAGE = YES_ERROR;
				CLANG_WARN_DOCUMENTATION_COMMENTS = YES;
				CLANG_WARN_EMPTY_BODY = YES;
				CLANG_WARN_ENUM_CONVERSION = YES;
				CLANG_WARN_INFINITE_RECURSION = YES;
				CLANG_WARN_INT_CONVERSION = YES;
				CLANG_WARN_NON_LITERAL_NULL_CONVERSION = YES;
				CLANG_WARN_OBJC_IMPLICIT_RETAIN_SELF = YES;
				CLANG_WARN_OBJC_LITERAL_CONVERSION = YES;
				CLANG_WARN_OBJC_ROOT_CLASS = YES_ERROR;
				CLANG_WARN_RANGE_LOOP_ANALYSIS = YES;
				CLANG_WARN_STRICT_PROTOTYPES = YES;
				CLANG_WARN_SUSPICIOUS_MOVE = YES;
				CLANG_WARN_UNGUARDED_AVAILABILITY = YES_AGGRESSIVE;
				CLANG_WARN_UNREACHABLE_CODE = YES;
				CLANG_WARN__DUPLICATE_METHOD_MATCH = YES;
				CLANG_X86_VECTOR_INSTRUCTIONS = default;
				CODE_SIGN_IDENTITY = "-";
				COPY_PHASE_STRIP = NO;
				DEBUG_INFORMATION_FORMAT = dwarf;
				ENABLE_STRICT_OBJC_MSGSEND = YES;
				ENABLE_TESTABILITY = YES;
				EXCLUDED_SOURCE_FILE_NAMES = 1a.cpp;
				GCC_C_LANGUAGE_STANDARD = gnu11;
				GCC_DYNAMIC_NO_PIC = NO;
				GCC_NO_COMMON_BLOCKS = NO;
				GCC_OPTIMIZATION_LEVEL = 0;
				GCC_PREPROCESSOR_DEFINITIONS = (
					"DEBUG=1",
					"$(inherited)",
				);
				GCC_WARN_64_TO_32_BIT_CONVERSION = YES;
				GCC_WARN_ABOUT_RETURN_TYPE = YES_ERROR;
				GCC_WARN_UNDECLARED_SELECTOR = YES;
				GCC_WARN_UNINITIALIZED_AUTOS = YES_AGGRESSIVE;
				GCC_WARN_UNUSED_FUNCTION = YES;
				GCC_WARN_UNUSED_VARIABLE = YES;
				MACOSX_DEPLOYMENT_TARGET = 10.15;
				MTL_ENABLE_DEBUG_INFO = INCLUDE_SOURCE;
				MTL_FAST_MATH = YES;
				ONLY_ACTIVE_ARCH = YES;
				OTHER_CFLAGS = (
					"-ffp-contract=fast",
					"-mfma",
					"-mavx2",
				);
				SDKROOT = macosx;
			};
			name = Debug;
		};
		26ACD91723563C330093EFB2 /* Release */ = {
			isa = XCBuildConfiguration;
			buildSettings = {
				ALWAYS_SEARCH_USER_PATHS = NO;
				CLANG_ANALYZER_NONNULL = YES;
				CLANG_ANALYZER_NUMBER_OBJECT_CONVERSION = YES_AGGRESSIVE;
				CLANG_CXX_LANGUAGE_STANDARD = "gnu++14";
				CLANG_CXX_LIBRARY = "libc++";
				CLANG_ENABLE_MODULES = YES;
				CLANG_ENABLE_OBJC_ARC = YES;
				CLANG_ENABLE_OBJC_WEAK = YES;
				CLANG_WARN_BLOCK_CAPTURE_AUTORELEASING = YES;
				CLANG_WARN_BOOL_CONVERSION = YES;
				CLANG_WARN_COMMA = YES;
				CLANG_WARN_CONSTANT_CONVERSION = YES;
				CLANG_WARN_DEPRECATED_OBJC_IMPLEMENTATIONS = YES;
				CLANG_WARN_DIRECT_OBJC_ISA_USAGE = YES_ERROR;
				CLANG_WARN_DOCUMENTATION_COMMENTS = YES;
				CLANG_WARN_EMPTY_BODY = YES;
				CLANG_WARN_ENUM_CONVERSION = YES;
				CLANG_WARN_INFINITE_RECURSION = YES;
				CLANG_WARN_INT_CONVERSION = YES;
				CLANG_WARN_NON_LITERAL_NULL_CONVERSION = YES;
				CLANG_WARN_OBJC_IMPLICIT_RETAIN_SELF = YES;
				CLANG_WARN_OBJC_LITERAL_CONVERSION = YES;
				CLANG_WARN_OBJC_ROOT_CLASS = YES_ERROR;
				CLANG_WARN_RANGE_LOOP_ANALYSIS = YES;
				CLANG_WARN_STRICT_PROTOTYPES = YES;
				CLANG_WARN_SUSPICIOUS_MOVE = YES;
				CLANG_WARN_UNGUARDED_AVAILABILITY = YES_AGGRESSIVE;
				CLANG_WARN_UNREACHABLE_CODE = YES;
				CLANG_WARN__DUPLICATE_METHOD_MATCH = YES;
				CLANG_X86_VECTOR_INSTRUCTIONS = default;
				CODE_SIGN_IDENTITY = "-";
				COPY_PHASE_STRIP = NO;
				DEBUG_INFORMATION_FORMAT = "dwarf-with-dsym";
				ENABLE_NS_ASSERTIONS = NO;
				ENABLE_STRICT_OBJC_MSGSEND = YES;
				EXCLUDED_SOURCE_FILE_NAMES = 1a.cpp;
				GCC_C_LANGUAGE_STANDARD = gnu11;
				GCC_NO_COMMON_BLOCKS = NO;
				GCC_WARN_64_TO_32_BIT_CONVERSION = YES;
				GCC_WARN_ABOUT_RETURN_TYPE = YES_ERROR;
				GCC_WARN_UNDECLARED_SELECTOR = YES;
				GCC_WARN_UNINITIALIZED_AUTOS = YES_AGGRESSIVE;
				GCC_WARN_UNUSED_FUNCTION = YES;
				GCC_WARN_UNUSED_VARIABLE = YES;
				MACOSX_DEPLOYMENT_TARGET = 10.15;
				MTL_ENABLE_DEBUG_INFO = NO;
				MTL_FAST_MATH = YES;
				OTHER_CFLAGS = (
					"-ffp-contract=fast",
					"-mfma",
					"-mavx2",
				);
				SDKROOT = macosx;
			};
			name = Release;
		};
		26ACD91923563C330093EFB2 /* Debug */ = {
			isa = XCBuildConfiguration;
			buildSettings = {
				CC = /usr/local/opt/llvm/bin/clang;
				CLANG_ENABLE_MODULES = NO;
				CODE_SIGN_STYLE = Automatic;
				COMPILER_INDEX_STORE_ENABLE = NO;
				FRAMEWORK_SEARCH_PATHS = "/usr/local/lib/**";
				HEADER_SEARCH_PATHS = (
					"/usr/local/include/**",
					/usr/local/opt/llvm/lib/clang/9.0.0/include,
				);
				LIBRARY_SEARCH_PATHS = (
					"/usr/local/lib/**",
					"$(PROJECT_DIR)/Dynamic\\ Library",
					"$(PROJECT_DIR)/Dynamic\\ Library",
					"$(PROJECT_DIR)/Dynamic\\ Library",
					"$(PROJECT_DIR)/Dynamic\\ Library",
					"$(PROJECT_DIR)/Dynamic\\ Library",
					"$(PROJECT_DIR)/Dynamic\\ Library",
					"$(PROJECT_DIR)/Dynamic\\ Library",
					"$(PROJECT_DIR)/Dynamic\\ Library",
					"$(PROJECT_DIR)/Dynamic\\ Library",
					"$(PROJECT_DIR)/Dynamic\\ Library",
					"$(PROJECT_DIR)/Dynamic\\ Library",
					"$(PROJECT_DIR)/Dynamic\\ Library",
					"$(PROJECT_DIR)/Dynamic\\ Library",
					"$(PROJECT_DIR)/Dynamic\\ Library",
					"$(PROJECT_DIR)/Dynamic\\ Library",
					"$(PROJECT_DIR)/Dynamic\\ Library",
					"$(PROJECT_DIR)/Dynamic\\ Library",
					"$(PROJECT_DIR)/Dynamic\\ Library",
					"$(PROJECT_DIR)/Dynamic\\ Library",
					"$(PROJECT_DIR)/Dynamic\\ Library",
					"$(PROJECT_DIR)/Dynamic\\ Library",
					"$(PROJECT_DIR)/Dynamic\\ Library",
					"$(PROJECT_DIR)/Dynamic\\ Library",
					"$(PROJECT_DIR)/Dynamic\\ Library",
					"$(PROJECT_DIR)/Dynamic\\ Library",
					"$(PROJECT_DIR)/Dynamic\\ Library",
					"$(PROJECT_DIR)/Dynamic\\ Library",
					"$(PROJECT_DIR)/Dynamic\\ Library",
					"$(PROJECT_DIR)/Dynamic\\ Library",
					"$(PROJECT_DIR)/Dynamic\\ Library",
					"$(PROJECT_DIR)/Dynamic\\ Library",
					"$(PROJECT_DIR)/Dynamic\\ Library",
					"$(PROJECT_DIR)/Dynamic\\ Library",
					"$(PROJECT_DIR)/Dynamic\\ Library",
					"$(PROJECT_DIR)/Dynamic\\ Library",
					"$(PROJECT_DIR)/Dynamic\\ Library",
					"$(PROJECT_DIR)/Dynamic\\ Library",
					"$(PROJECT_DIR)/Dynamic\\ Library",
					"$(PROJECT_DIR)/Dynamic\\ Library",
					"$(PROJECT_DIR)/Dynamic\\ Library",
					"$(PROJECT_DIR)/Dynamic\\ Library",
					"$(PROJECT_DIR)/Dynamic\\ Library",
					"$(PROJECT_DIR)/Dynamic\\ Library",
					"$(PROJECT_DIR)/Dynamic\\ Library",
					"$(PROJECT_DIR)/Dynamic\\ Library",
					"$(PROJECT_DIR)/Dynamic\\ Library",
					"$(PROJECT_DIR)/Dynamic\\ Library",
					/usr/local/opt/llvm/lib,
					/usr/local/Cellar/llvm/9.0.0_1/lib,
				);
				OTHER_CFLAGS = "-fopenmp";
				PRODUCT_NAME = "$(TARGET_NAME)";
			};
			name = Debug;
		};
		26ACD91A23563C330093EFB2 /* Release */ = {
			isa = XCBuildConfiguration;
			buildSettings = {
				CC = /usr/local/opt/llvm/bin/clang;
				CLANG_ENABLE_MODULES = NO;
				CODE_SIGN_STYLE = Automatic;
				COMPILER_INDEX_STORE_ENABLE = NO;
				FRAMEWORK_SEARCH_PATHS = "/usr/local/lib/**";
				HEADER_SEARCH_PATHS = (
					"/usr/local/include/**",
					/usr/local/opt/llvm/lib/clang/9.0.0/include,
				);
				LIBRARY_SEARCH_PATHS = (
					"/usr/local/lib/**",
					"$(PROJECT_DIR)/Dynamic\\ Library",
					"$(PROJECT_DIR)/Dynamic\\ Library",
					"$(PROJECT_DIR)/Dynamic\\ Library",
					"$(PROJECT_DIR)/Dynamic\\ Library",
					"$(PROJECT_DIR)/Dynamic\\ Library",
					"$(PROJECT_DIR)/Dynamic\\ Library",
					"$(PROJECT_DIR)/Dynamic\\ Library",
					"$(PROJECT_DIR)/Dynamic\\ Library",
					"$(PROJECT_DIR)/Dynamic\\ Library",
					"$(PROJECT_DIR)/Dynamic\\ Library",
					"$(PROJECT_DIR)/Dynamic\\ Library",
					"$(PROJECT_DIR)/Dynamic\\ Library",
					"$(PROJECT_DIR)/Dynamic\\ Library",
					"$(PROJECT_DIR)/Dynamic\\ Library",
					"$(PROJECT_DIR)/Dynamic\\ Library",
					"$(PROJECT_DIR)/Dynamic\\ Library",
					"$(PROJECT_DIR)/Dynamic\\ Library",
					"$(PROJECT_DIR)/Dynamic\\ Library",
					"$(PROJECT_DIR)/Dynamic\\ Library",
					"$(PROJECT_DIR)/Dynamic\\ Library",
					"$(PROJECT_DIR)/Dynamic\\ Library",
					"$(PROJECT_DIR)/Dynamic\\ Library",
					"$(PROJECT_DIR)/Dynamic\\ Library",
					"$(PROJECT_DIR)/Dynamic\\ Library",
					"$(PROJECT_DIR)/Dynamic\\ Library",
					"$(PROJECT_DIR)/Dynamic\\ Library",
					"$(PROJECT_DIR)/Dynamic\\ Library",
					"$(PROJECT_DIR)/Dynamic\\ Library",
					"$(PROJECT_DIR)/Dynamic\\ Library",
					"$(PROJECT_DIR)/Dynamic\\ Library",
					"$(PROJECT_DIR)/Dynamic\\ Library",
					"$(PROJECT_DIR)/Dynamic\\ Library",
					"$(PROJECT_DIR)/Dynamic\\ Library",
					"$(PROJECT_DIR)/Dynamic\\ Library",
					"$(PROJECT_DIR)/Dynamic\\ Library",
					"$(PROJECT_DIR)/Dynamic\\ Library",
					"$(PROJECT_DIR)/Dynamic\\ Library",
					"$(PROJECT_DIR)/Dynamic\\ Library",
					"$(PROJECT_DIR)/Dynamic\\ Library",
					"$(PROJECT_DIR)/Dynamic\\ Library",
					"$(PROJECT_DIR)/Dynamic\\ Library",
					"$(PROJECT_DIR)/Dynamic\\ Library",
					"$(PROJECT_DIR)/Dynamic\\ Library",
					"$(PROJECT_DIR)/Dynamic\\ Library",
					"$(PROJECT_DIR)/Dynamic\\ Library",
					"$(PROJECT_DIR)/Dynamic\\ Library",
					"$(PROJECT_DIR)/Dynamic\\ Library",
					/usr/local/opt/llvm/lib,
					/usr/local/Cellar/llvm/9.0.0_1/lib,
				);
				OTHER_CFLAGS = "-fopenmp";
				PRODUCT_NAME = "$(TARGET_NAME)";
			};
			name = Release;
		};
/* End XCBuildConfiguration section */

/* Begin XCConfigurationList section */
		26ACD90C23563C330093EFB2 /* Build configuration list for PBXProject "18645_Project" */ = {
			isa = XCConfigurationList;
			buildConfigurations = (
				26ACD91623563C330093EFB2 /* Debug */,
				26ACD91723563C330093EFB2 /* Release */,
			);
			defaultConfigurationIsVisible = 0;
			defaultConfigurationName = Release;
		};
		26ACD91823563C330093EFB2 /* Build configuration list for PBXNativeTarget "18645_Project" */ = {
			isa = XCConfigurationList;
			buildConfigurations = (
				26ACD91923563C330093EFB2 /* Debug */,
				26ACD91A23563C330093EFB2 /* Release */,
			);
			defaultConfigurationIsVisible = 0;
			defaultConfigurationName = Release;
		};
/* End XCConfigurationList section */
	};
	rootObject = 26ACD90923563C330093EFB2 /* Project object */;
}
